// !$*UTF8*$!
{
	archiveVersion = 1;
	classes = {
	};
	objectVersion = 46;
	objects = {

/* Begin PBXBuildFile section */
		2943B2571E972D9F0000B860 /* GlobalObject.m in Sources */ = {isa = PBXBuildFile; fileRef = 2943B2561E972D9F0000B860 /* GlobalObject.m */; };
		2989907A1E91DFED00B3F0F5 /* KeychainItemWrapper.m in Sources */ = {isa = PBXBuildFile; fileRef = 298990791E91DFED00B3F0F5 /* KeychainItemWrapper.m */; settings = {COMPILER_FLAGS = "-fno-objc-arc"; }; };
		2989907C1E91E06300B3F0F5 /* Security.framework in Frameworks */ = {isa = PBXBuildFile; fileRef = 2989907B1E91E06300B3F0F5 /* Security.framework */; };
		2989907F1E91E91600B3F0F5 /* KakaoOpenSDK.framework in Frameworks */ = {isa = PBXBuildFile; fileRef = 2989907E1E91E91600B3F0F5 /* KakaoOpenSDK.framework */; };
		298990811E92265700B3F0F5 /* KakaoLink.framework in Frameworks */ = {isa = PBXBuildFile; fileRef = 298990801E92265700B3F0F5 /* KakaoLink.framework */; };
		FF2E25DC1E5705A50050399D /* main.m in Sources */ = {isa = PBXBuildFile; fileRef = FF2E25DB1E5705A50050399D /* main.m */; };
		FF2E25DF1E5705A50050399D /* AppDelegate.m in Sources */ = {isa = PBXBuildFile; fileRef = FF2E25DE1E5705A50050399D /* AppDelegate.m */; };
		FF2E25E51E5705A50050399D /* Main.storyboard in Resources */ = {isa = PBXBuildFile; fileRef = FF2E25E31E5705A50050399D /* Main.storyboard */; };
		FF2E25E71E5705A50050399D /* Assets.xcassets in Resources */ = {isa = PBXBuildFile; fileRef = FF2E25E61E5705A50050399D /* Assets.xcassets */; };
		FF2E25F71E5705FF0050399D /* MainVC.m in Sources */ = {isa = PBXBuildFile; fileRef = FF2E25F61E5705FF0050399D /* MainVC.m */; };
		FF2E25FC1E578A270050399D /* UIView+Toast.m in Sources */ = {isa = PBXBuildFile; fileRef = FF2E25FB1E578A270050399D /* UIView+Toast.m */; };
		FF2E26011E578D610050399D /* WebViewVC.m in Sources */ = {isa = PBXBuildFile; fileRef = FF2E26001E578D610050399D /* WebViewVC.m */; };
		FF7BFA501E8E9AC300168D68 /* tab_home.png in Resources */ = {isa = PBXBuildFile; fileRef = FF7BFA4B1E8E9AC300168D68 /* tab_home.png */; };
		FF7BFA511E8E9AC300168D68 /* tab_next.png in Resources */ = {isa = PBXBuildFile; fileRef = FF7BFA4C1E8E9AC300168D68 /* tab_next.png */; };
		FF7BFA521E8E9AC300168D68 /* tab_prev.png in Resources */ = {isa = PBXBuildFile; fileRef = FF7BFA4D1E8E9AC300168D68 /* tab_prev.png */; };
		FF7BFA531E8E9AC300168D68 /* tab_reload.png in Resources */ = {isa = PBXBuildFile; fileRef = FF7BFA4E1E8E9AC300168D68 /* tab_reload.png */; };
		FF7BFA541E8E9AC300168D68 /* tab_share.png in Resources */ = {isa = PBXBuildFile; fileRef = FF7BFA4F1E8E9AC300168D68 /* tab_share.png */; };
		FF8BE2EF1E5AF83F00ECD7D3 /* PopupView.m in Sources */ = {isa = PBXBuildFile; fileRef = FF8BE2EE1E5AF83F00ECD7D3 /* PopupView.m */; };
		FF8BE2F21E5AFB9F00ECD7D3 /* CoreLocation.framework in Frameworks */ = {isa = PBXBuildFile; fileRef = FF8BE2F11E5AFB9F00ECD7D3 /* CoreLocation.framework */; };
		FF8BE3571E61C37F00ECD7D3 /* UserNotifications.framework in Frameworks */ = {isa = PBXBuildFile; fileRef = FF8BE3561E61C37F00ECD7D3 /* UserNotifications.framework */; };
		FF8BE3591E61C52000ECD7D3 /* MapKit.framework in Frameworks */ = {isa = PBXBuildFile; fileRef = FF8BE3581E61C52000ECD7D3 /* MapKit.framework */; };
		FF8BE35F1E61E0F100ECD7D3 /* Reachability.m in Sources */ = {isa = PBXBuildFile; fileRef = FF8BE35E1E61E0F100ECD7D3 /* Reachability.m */; };
		FF8BE3611E61E11000ECD7D3 /* SystemConfiguration.framework in Frameworks */ = {isa = PBXBuildFile; fileRef = FF8BE3601E61E11000ECD7D3 /* SystemConfiguration.framework */; };
		FF9375321E65EF9500462818 /* main_top_bar.png in Resources */ = {isa = PBXBuildFile; fileRef = FF93752F1E65EF9500462818 /* main_top_bar.png */; };
		FF9375331E65EF9500462818 /* main_top_menu_off.png in Resources */ = {isa = PBXBuildFile; fileRef = FF9375301E65EF9500462818 /* main_top_menu_off.png */; };
		FF9375341E65EF9500462818 /* main_top_menu_on.png in Resources */ = {isa = PBXBuildFile; fileRef = FF9375311E65EF9500462818 /* main_top_menu_on.png */; };
		FF93753B1E65EF9F00462818 /* DrawerNavigation.m in Sources */ = {isa = PBXBuildFile; fileRef = FF9375371E65EF9F00462818 /* DrawerNavigation.m */; };
		FF93753C1E65EF9F00462818 /* DrawerView.m in Sources */ = {isa = PBXBuildFile; fileRef = FF9375391E65EF9F00462818 /* DrawerView.m */; };
		FF93753D1E65EF9F00462818 /* DrawerView.xib in Resources */ = {isa = PBXBuildFile; fileRef = FF93753A1E65EF9F00462818 /* DrawerView.xib */; };
		FFD798B21E9BBC96007176A5 /* menu_btn_01.png in Resources */ = {isa = PBXBuildFile; fileRef = FFD798AD1E9BBC96007176A5 /* menu_btn_01.png */; };
		FFD798B31E9BBC96007176A5 /* menu_btn_02.png in Resources */ = {isa = PBXBuildFile; fileRef = FFD798AE1E9BBC96007176A5 /* menu_btn_02.png */; };
		FFD798B41E9BBC96007176A5 /* menu_btn_03.png in Resources */ = {isa = PBXBuildFile; fileRef = FFD798AF1E9BBC96007176A5 /* menu_btn_03.png */; };
		FFD798B51E9BBC96007176A5 /* menu_btn_04.png in Resources */ = {isa = PBXBuildFile; fileRef = FFD798B01E9BBC96007176A5 /* menu_btn_04.png */; };
		FFD798B61E9BBC96007176A5 /* menu_btn_05.png in Resources */ = {isa = PBXBuildFile; fileRef = FFD798B11E9BBC96007176A5 /* menu_btn_05.png */; };
		FFD798B81E9BBCC7007176A5 /* menu_new.png in Resources */ = {isa = PBXBuildFile; fileRef = FFD798B71E9BBCC7007176A5 /* menu_new.png */; };
/* End PBXBuildFile section */

/* Begin PBXFileReference section */
		2943B2551E972D9F0000B860 /* GlobalObject.h */ = {isa = PBXFileReference; fileEncoding = 4; lastKnownFileType = sourcecode.c.h; path = GlobalObject.h; sourceTree = "<group>"; };
		2943B2561E972D9F0000B860 /* GlobalObject.m */ = {isa = PBXFileReference; fileEncoding = 4; lastKnownFileType = sourcecode.c.objc; path = GlobalObject.m; sourceTree = "<group>"; };
		298990781E91DFED00B3F0F5 /* KeychainItemWrapper.h */ = {isa = PBXFileReference; fileEncoding = 4; lastKnownFileType = sourcecode.c.h; path = KeychainItemWrapper.h; sourceTree = "<group>"; };
		298990791E91DFED00B3F0F5 /* KeychainItemWrapper.m */ = {isa = PBXFileReference; fileEncoding = 4; lastKnownFileType = sourcecode.c.objc; path = KeychainItemWrapper.m; sourceTree = "<group>"; };
		2989907B1E91E06300B3F0F5 /* Security.framework */ = {isa = PBXFileReference; lastKnownFileType = wrapper.framework; name = Security.framework; path = System/Library/Frameworks/Security.framework; sourceTree = SDKROOT; };
		2989907E1E91E91600B3F0F5 /* KakaoOpenSDK.framework */ = {isa = PBXFileReference; lastKnownFileType = wrapper.framework; path = KakaoOpenSDK.framework; sourceTree = "<group>"; };
		298990801E92265700B3F0F5 /* KakaoLink.framework */ = {isa = PBXFileReference; lastKnownFileType = wrapper.framework; path = KakaoLink.framework; sourceTree = "<group>"; };
		FF2E25D71E5705A50050399D /* HybridApp.app */ = {isa = PBXFileReference; explicitFileType = wrapper.application; includeInIndex = 0; path = HybridApp.app; sourceTree = BUILT_PRODUCTS_DIR; };
		FF2E25DB1E5705A50050399D /* main.m */ = {isa = PBXFileReference; lastKnownFileType = sourcecode.c.objc; path = main.m; sourceTree = "<group>"; };
		FF2E25DD1E5705A50050399D /* AppDelegate.h */ = {isa = PBXFileReference; lastKnownFileType = sourcecode.c.h; path = AppDelegate.h; sourceTree = "<group>"; };
		FF2E25DE1E5705A50050399D /* AppDelegate.m */ = {isa = PBXFileReference; lastKnownFileType = sourcecode.c.objc; path = AppDelegate.m; sourceTree = "<group>"; };
		FF2E25E41E5705A50050399D /* Base */ = {isa = PBXFileReference; lastKnownFileType = file.storyboard; name = Base; path = Base.lproj/Main.storyboard; sourceTree = "<group>"; };
		FF2E25E61E5705A50050399D /* Assets.xcassets */ = {isa = PBXFileReference; lastKnownFileType = folder.assetcatalog; path = Assets.xcassets; sourceTree = "<group>"; };
		FF2E25EB1E5705A50050399D /* Info.plist */ = {isa = PBXFileReference; lastKnownFileType = text.plist.xml; path = Info.plist; sourceTree = "<group>"; };
		FF2E25F51E5705FF0050399D /* MainVC.h */ = {isa = PBXFileReference; fileEncoding = 4; lastKnownFileType = sourcecode.c.h; path = MainVC.h; sourceTree = "<group>"; };
		FF2E25F61E5705FF0050399D /* MainVC.m */ = {isa = PBXFileReference; fileEncoding = 4; lastKnownFileType = sourcecode.c.objc; path = MainVC.m; sourceTree = "<group>"; };
		FF2E25F81E5783AF0050399D /* GlobalHeader.h */ = {isa = PBXFileReference; lastKnownFileType = sourcecode.c.h; path = GlobalHeader.h; sourceTree = "<group>"; };
		FF2E25FA1E578A270050399D /* UIView+Toast.h */ = {isa = PBXFileReference; fileEncoding = 4; lastKnownFileType = sourcecode.c.h; path = "UIView+Toast.h"; sourceTree = "<group>"; };
		FF2E25FB1E578A270050399D /* UIView+Toast.m */ = {isa = PBXFileReference; fileEncoding = 4; lastKnownFileType = sourcecode.c.objc; path = "UIView+Toast.m"; sourceTree = "<group>"; };
		FF2E25FF1E578D610050399D /* WebViewVC.h */ = {isa = PBXFileReference; fileEncoding = 4; lastKnownFileType = sourcecode.c.h; path = WebViewVC.h; sourceTree = "<group>"; };
		FF2E26001E578D610050399D /* WebViewVC.m */ = {isa = PBXFileReference; fileEncoding = 4; lastKnownFileType = sourcecode.c.objc; path = WebViewVC.m; sourceTree = "<group>"; };
		FF7BFA4B1E8E9AC300168D68 /* tab_home.png */ = {isa = PBXFileReference; lastKnownFileType = image.png; path = tab_home.png; sourceTree = "<group>"; };
		FF7BFA4C1E8E9AC300168D68 /* tab_next.png */ = {isa = PBXFileReference; lastKnownFileType = image.png; path = tab_next.png; sourceTree = "<group>"; };
		FF7BFA4D1E8E9AC300168D68 /* tab_prev.png */ = {isa = PBXFileReference; lastKnownFileType = image.png; path = tab_prev.png; sourceTree = "<group>"; };
		FF7BFA4E1E8E9AC300168D68 /* tab_reload.png */ = {isa = PBXFileReference; lastKnownFileType = image.png; path = tab_reload.png; sourceTree = "<group>"; };
		FF7BFA4F1E8E9AC300168D68 /* tab_share.png */ = {isa = PBXFileReference; lastKnownFileType = image.png; path = tab_share.png; sourceTree = "<group>"; };
		FF8BE2ED1E5AF83F00ECD7D3 /* PopupView.h */ = {isa = PBXFileReference; fileEncoding = 4; lastKnownFileType = sourcecode.c.h; path = PopupView.h; sourceTree = "<group>"; };
		FF8BE2EE1E5AF83F00ECD7D3 /* PopupView.m */ = {isa = PBXFileReference; fileEncoding = 4; lastKnownFileType = sourcecode.c.objc; path = PopupView.m; sourceTree = "<group>"; };
		FF8BE2F11E5AFB9F00ECD7D3 /* CoreLocation.framework */ = {isa = PBXFileReference; lastKnownFileType = wrapper.framework; name = CoreLocation.framework; path = System/Library/Frameworks/CoreLocation.framework; sourceTree = SDKROOT; };
		FF8BE2F31E5AFBA300ECD7D3 /* AddressBook.framework */ = {isa = PBXFileReference; lastKnownFileType = wrapper.framework; name = AddressBook.framework; path = System/Library/Frameworks/AddressBook.framework; sourceTree = SDKROOT; };
		FF8BE3551E61BFE300ECD7D3 /* HybridApp.entitlements */ = {isa = PBXFileReference; lastKnownFileType = text.plist.entitlements; path = HybridApp.entitlements; sourceTree = "<group>"; };
		FF8BE3561E61C37F00ECD7D3 /* UserNotifications.framework */ = {isa = PBXFileReference; lastKnownFileType = wrapper.framework; name = UserNotifications.framework; path = System/Library/Frameworks/UserNotifications.framework; sourceTree = SDKROOT; };
		FF8BE3581E61C52000ECD7D3 /* MapKit.framework */ = {isa = PBXFileReference; lastKnownFileType = wrapper.framework; name = MapKit.framework; path = System/Library/Frameworks/MapKit.framework; sourceTree = SDKROOT; };
		FF8BE35D1E61E0F100ECD7D3 /* Reachability.h */ = {isa = PBXFileReference; fileEncoding = 4; lastKnownFileType = sourcecode.c.h; path = Reachability.h; sourceTree = "<group>"; };
		FF8BE35E1E61E0F100ECD7D3 /* Reachability.m */ = {isa = PBXFileReference; fileEncoding = 4; lastKnownFileType = sourcecode.c.objc; path = Reachability.m; sourceTree = "<group>"; };
		FF8BE3601E61E11000ECD7D3 /* SystemConfiguration.framework */ = {isa = PBXFileReference; lastKnownFileType = wrapper.framework; name = SystemConfiguration.framework; path = System/Library/Frameworks/SystemConfiguration.framework; sourceTree = SDKROOT; };
		FF93752F1E65EF9500462818 /* main_top_bar.png */ = {isa = PBXFileReference; lastKnownFileType = image.png; path = main_top_bar.png; sourceTree = "<group>"; };
		FF9375301E65EF9500462818 /* main_top_menu_off.png */ = {isa = PBXFileReference; lastKnownFileType = image.png; path = main_top_menu_off.png; sourceTree = "<group>"; };
		FF9375311E65EF9500462818 /* main_top_menu_on.png */ = {isa = PBXFileReference; lastKnownFileType = image.png; path = main_top_menu_on.png; sourceTree = "<group>"; };
		FF9375361E65EF9F00462818 /* DrawerNavigation.h */ = {isa = PBXFileReference; fileEncoding = 4; lastKnownFileType = sourcecode.c.h; path = DrawerNavigation.h; sourceTree = "<group>"; };
		FF9375371E65EF9F00462818 /* DrawerNavigation.m */ = {isa = PBXFileReference; fileEncoding = 4; lastKnownFileType = sourcecode.c.objc; path = DrawerNavigation.m; sourceTree = "<group>"; };
		FF9375381E65EF9F00462818 /* DrawerView.h */ = {isa = PBXFileReference; fileEncoding = 4; lastKnownFileType = sourcecode.c.h; path = DrawerView.h; sourceTree = "<group>"; };
		FF9375391E65EF9F00462818 /* DrawerView.m */ = {isa = PBXFileReference; fileEncoding = 4; lastKnownFileType = sourcecode.c.objc; path = DrawerView.m; sourceTree = "<group>"; };
		FF93753A1E65EF9F00462818 /* DrawerView.xib */ = {isa = PBXFileReference; fileEncoding = 4; lastKnownFileType = file.xib; path = DrawerView.xib; sourceTree = "<group>"; };
		FFD798AD1E9BBC96007176A5 /* menu_btn_01.png */ = {isa = PBXFileReference; lastKnownFileType = image.png; path = menu_btn_01.png; sourceTree = "<group>"; };
		FFD798AE1E9BBC96007176A5 /* menu_btn_02.png */ = {isa = PBXFileReference; lastKnownFileType = image.png; path = menu_btn_02.png; sourceTree = "<group>"; };
		FFD798AF1E9BBC96007176A5 /* menu_btn_03.png */ = {isa = PBXFileReference; lastKnownFileType = image.png; path = menu_btn_03.png; sourceTree = "<group>"; };
		FFD798B01E9BBC96007176A5 /* menu_btn_04.png */ = {isa = PBXFileReference; lastKnownFileType = image.png; path = menu_btn_04.png; sourceTree = "<group>"; };
		FFD798B11E9BBC96007176A5 /* menu_btn_05.png */ = {isa = PBXFileReference; lastKnownFileType = image.png; path = menu_btn_05.png; sourceTree = "<group>"; };
		FFD798B71E9BBCC7007176A5 /* menu_new.png */ = {isa = PBXFileReference; lastKnownFileType = image.png; path = menu_new.png; sourceTree = "<group>"; };
/* End PBXFileReference section */

/* Begin PBXFrameworksBuildPhase section */
		FF2E25D41E5705A50050399D /* Frameworks */ = {
			isa = PBXFrameworksBuildPhase;
			buildActionMask = 2147483647;
			files = (
				2989907C1E91E06300B3F0F5 /* Security.framework in Frameworks */,
				FF8BE3611E61E11000ECD7D3 /* SystemConfiguration.framework in Frameworks */,
				FF8BE3571E61C37F00ECD7D3 /* UserNotifications.framework in Frameworks */,
				FF8BE3591E61C52000ECD7D3 /* MapKit.framework in Frameworks */,
				FF8BE2F21E5AFB9F00ECD7D3 /* CoreLocation.framework in Frameworks */,
				298990811E92265700B3F0F5 /* KakaoLink.framework in Frameworks */,
				2989907F1E91E91600B3F0F5 /* KakaoOpenSDK.framework in Frameworks */,
			);
			runOnlyForDeploymentPostprocessing = 0;
		};
/* End PBXFrameworksBuildPhase section */

/* Begin PBXGroup section */
		298990741E91DE3000B3F0F5 /* UUID */ = {
			isa = PBXGroup;
			children = (
				298990781E91DFED00B3F0F5 /* KeychainItemWrapper.h */,
				298990791E91DFED00B3F0F5 /* KeychainItemWrapper.m */,
			);
			path = UUID;
			sourceTree = "<group>";
		};
		2989907D1E91E91600B3F0F5 /* kakao */ = {
			isa = PBXGroup;
			children = (
				298990801E92265700B3F0F5 /* KakaoLink.framework */,
				2989907E1E91E91600B3F0F5 /* KakaoOpenSDK.framework */,
			);
			path = kakao;
			sourceTree = "<group>";
		};
		FF2E25CE1E5705A50050399D = {
			isa = PBXGroup;
			children = (
				FF2E25D91E5705A50050399D /* HybridApp */,
				FF2E25D81E5705A50050399D /* Products */,
				FF8BE2F01E5AFB9E00ECD7D3 /* Frameworks */,
			);
			sourceTree = "<group>";
		};
		FF2E25D81E5705A50050399D /* Products */ = {
			isa = PBXGroup;
			children = (
				FF2E25D71E5705A50050399D /* HybridApp.app */,
			);
			name = Products;
			sourceTree = "<group>";
		};
		FF2E25D91E5705A50050399D /* HybridApp */ = {
			isa = PBXGroup;
			children = (
				FF8BE3551E61BFE300ECD7D3 /* HybridApp.entitlements */,
				FF2E25F21E5705E30050399D /* Lib */,
				FF2E25F11E5705E30050399D /* Common */,
				FF2E25F41E5705E30050399D /* VC */,
				FF2E25DD1E5705A50050399D /* AppDelegate.h */,
				FF2E25DE1E5705A50050399D /* AppDelegate.m */,
				FF2E25E31E5705A50050399D /* Main.storyboard */,
				FF93752E1E65EF9500462818 /* Resources */,
				FF2E25E61E5705A50050399D /* Assets.xcassets */,
				FF2E25EB1E5705A50050399D /* Info.plist */,
				FF2E25DA1E5705A50050399D /* Supporting Files */,
			);
			path = HybridApp;
			sourceTree = "<group>";
		};
		FF2E25DA1E5705A50050399D /* Supporting Files */ = {
			isa = PBXGroup;
			children = (
				FF2E25DB1E5705A50050399D /* main.m */,
			);
			name = "Supporting Files";
			sourceTree = "<group>";
		};
		FF2E25F11E5705E30050399D /* Common */ = {
			isa = PBXGroup;
			children = (
				FF2E25F81E5783AF0050399D /* GlobalHeader.h */,
				2943B2551E972D9F0000B860 /* GlobalObject.h */,
				2943B2561E972D9F0000B860 /* GlobalObject.m */,
				FF8BE2ED1E5AF83F00ECD7D3 /* PopupView.h */,
				FF8BE2EE1E5AF83F00ECD7D3 /* PopupView.m */,
			);
			path = Common;
			sourceTree = "<group>";
		};
		FF2E25F21E5705E30050399D /* Lib */ = {
			isa = PBXGroup;
			children = (
				2989907D1E91E91600B3F0F5 /* kakao */,
				298990741E91DE3000B3F0F5 /* UUID */,
				FF9375351E65EF9F00462818 /* Menu */,
				FF8BE35C1E61E0F100ECD7D3 /* Reachability */,
				FF2E25F91E578A270050399D /* Toast */,
			);
			path = Lib;
			sourceTree = "<group>";
		};
		FF2E25F41E5705E30050399D /* VC */ = {
			isa = PBXGroup;
			children = (
				FF2E25F51E5705FF0050399D /* MainVC.h */,
				FF2E25F61E5705FF0050399D /* MainVC.m */,
				FF2E25FF1E578D610050399D /* WebViewVC.h */,
				FF2E26001E578D610050399D /* WebViewVC.m */,
			);
			path = VC;
			sourceTree = "<group>";
		};
		FF2E25F91E578A270050399D /* Toast */ = {
			isa = PBXGroup;
			children = (
				FF2E25FA1E578A270050399D /* UIView+Toast.h */,
				FF2E25FB1E578A270050399D /* UIView+Toast.m */,
			);
			path = Toast;
			sourceTree = "<group>";
		};
		FF8BE2F01E5AFB9E00ECD7D3 /* Frameworks */ = {
			isa = PBXGroup;
			children = (
				2989907B1E91E06300B3F0F5 /* Security.framework */,
				FF8BE3601E61E11000ECD7D3 /* SystemConfiguration.framework */,
				FF8BE3581E61C52000ECD7D3 /* MapKit.framework */,
				FF8BE3561E61C37F00ECD7D3 /* UserNotifications.framework */,
				FF8BE2F31E5AFBA300ECD7D3 /* AddressBook.framework */,
				FF8BE2F11E5AFB9F00ECD7D3 /* CoreLocation.framework */,
			);
			name = Frameworks;
			sourceTree = "<group>";
		};
		FF8BE35C1E61E0F100ECD7D3 /* Reachability */ = {
			isa = PBXGroup;
			children = (
				FF8BE35D1E61E0F100ECD7D3 /* Reachability.h */,
				FF8BE35E1E61E0F100ECD7D3 /* Reachability.m */,
			);
			path = Reachability;
			sourceTree = "<group>";
		};
		FF93752E1E65EF9500462818 /* Resources */ = {
			isa = PBXGroup;
			children = (
				FFD798B71E9BBCC7007176A5 /* menu_new.png */,
				FFD798AD1E9BBC96007176A5 /* menu_btn_01.png */,
				FFD798AE1E9BBC96007176A5 /* menu_btn_02.png */,
				FFD798AF1E9BBC96007176A5 /* menu_btn_03.png */,
				FFD798B01E9BBC96007176A5 /* menu_btn_04.png */,
				FFD798B11E9BBC96007176A5 /* menu_btn_05.png */,
				FF7BFA4B1E8E9AC300168D68 /* tab_home.png */,
				FF7BFA4C1E8E9AC300168D68 /* tab_next.png */,
				FF7BFA4D1E8E9AC300168D68 /* tab_prev.png */,
				FF7BFA4E1E8E9AC300168D68 /* tab_reload.png */,
				FF7BFA4F1E8E9AC300168D68 /* tab_share.png */,
				FF93752F1E65EF9500462818 /* main_top_bar.png */,
				FF9375301E65EF9500462818 /* main_top_menu_off.png */,
				FF9375311E65EF9500462818 /* main_top_menu_on.png */,
			);
			path = Resources;
			sourceTree = "<group>";
		};
		FF9375351E65EF9F00462818 /* Menu */ = {
			isa = PBXGroup;
			children = (
				FF9375361E65EF9F00462818 /* DrawerNavigation.h */,
				FF9375371E65EF9F00462818 /* DrawerNavigation.m */,
				FF9375381E65EF9F00462818 /* DrawerView.h */,
				FF9375391E65EF9F00462818 /* DrawerView.m */,
				FF93753A1E65EF9F00462818 /* DrawerView.xib */,
			);
			path = Menu;
			sourceTree = "<group>";
		};
/* End PBXGroup section */

/* Begin PBXNativeTarget section */
		FF2E25D61E5705A50050399D /* HybridApp */ = {
			isa = PBXNativeTarget;
			buildConfigurationList = FF2E25EE1E5705A50050399D /* Build configuration list for PBXNativeTarget "HybridApp" */;
			buildPhases = (
				FF2E25D31E5705A50050399D /* Sources */,
				FF2E25D41E5705A50050399D /* Frameworks */,
				FF2E25D51E5705A50050399D /* Resources */,
			);
			buildRules = (
			);
			dependencies = (
			);
			name = HybridApp;
			productName = HybridApp;
			productReference = FF2E25D71E5705A50050399D /* HybridApp.app */;
			productType = "com.apple.product-type.application";
		};
/* End PBXNativeTarget section */

/* Begin PBXProject section */
		FF2E25CF1E5705A50050399D /* Project object */ = {
			isa = PBXProject;
			attributes = {
				LastUpgradeCheck = 0820;
				ORGANIZATIONNAME = Joseph_iMac;
				TargetAttributes = {
					FF2E25D61E5705A50050399D = {
						CreatedOnToolsVersion = 8.2.1;
						DevelopmentTeam = YZXM7V6SDM;
						ProvisioningStyle = Manual;
						SystemCapabilities = {
							com.apple.Maps.iOS = {
								enabled = 0;
							};
							com.apple.Push = {
								enabled = 1;
							};
						};
					};
				};
			};
			buildConfigurationList = FF2E25D21E5705A50050399D /* Build configuration list for PBXProject "HybridApp" */;
			compatibilityVersion = "Xcode 3.2";
			developmentRegion = English;
			hasScannedForEncodings = 0;
			knownRegions = (
				en,
				Base,
			);
			mainGroup = FF2E25CE1E5705A50050399D;
			productRefGroup = FF2E25D81E5705A50050399D /* Products */;
			projectDirPath = "";
			projectRoot = "";
			targets = (
				FF2E25D61E5705A50050399D /* HybridApp */,
			);
		};
/* End PBXProject section */

/* Begin PBXResourcesBuildPhase section */
		FF2E25D51E5705A50050399D /* Resources */ = {
			isa = PBXResourcesBuildPhase;
			buildActionMask = 2147483647;
			files = (
				FF9375341E65EF9500462818 /* main_top_menu_on.png in Resources */,
				FF7BFA521E8E9AC300168D68 /* tab_prev.png in Resources */,
				FFD798B41E9BBC96007176A5 /* menu_btn_03.png in Resources */,
				FFD798B21E9BBC96007176A5 /* menu_btn_01.png in Resources */,
				FF7BFA531E8E9AC300168D68 /* tab_reload.png in Resources */,
				FF2E25E71E5705A50050399D /* Assets.xcassets in Resources */,
				FF9375321E65EF9500462818 /* main_top_bar.png in Resources */,
				FFD798B31E9BBC96007176A5 /* menu_btn_02.png in Resources */,
				FF7BFA501E8E9AC300168D68 /* tab_home.png in Resources */,
				FF7BFA541E8E9AC300168D68 /* tab_share.png in Resources */,
				FF7BFA511E8E9AC300168D68 /* tab_next.png in Resources */,
				FFD798B51E9BBC96007176A5 /* menu_btn_04.png in Resources */,
				FF93753D1E65EF9F00462818 /* DrawerView.xib in Resources */,
				FF2E25E51E5705A50050399D /* Main.storyboard in Resources */,
				FFD798B61E9BBC96007176A5 /* menu_btn_05.png in Resources */,
				FF9375331E65EF9500462818 /* main_top_menu_off.png in Resources */,
				FFD798B81E9BBCC7007176A5 /* menu_new.png in Resources */,
			);
			runOnlyForDeploymentPostprocessing = 0;
		};
/* End PBXResourcesBuildPhase section */

/* Begin PBXSourcesBuildPhase section */
		FF2E25D31E5705A50050399D /* Sources */ = {
			isa = PBXSourcesBuildPhase;
			buildActionMask = 2147483647;
			files = (
				FF2E26011E578D610050399D /* WebViewVC.m in Sources */,
				FF2E25FC1E578A270050399D /* UIView+Toast.m in Sources */,
				FF93753B1E65EF9F00462818 /* DrawerNavigation.m in Sources */,
				2943B2571E972D9F0000B860 /* GlobalObject.m in Sources */,
				FF2E25F71E5705FF0050399D /* MainVC.m in Sources */,
				FF93753C1E65EF9F00462818 /* DrawerView.m in Sources */,
				FF8BE35F1E61E0F100ECD7D3 /* Reachability.m in Sources */,
				2989907A1E91DFED00B3F0F5 /* KeychainItemWrapper.m in Sources */,
				FF8BE2EF1E5AF83F00ECD7D3 /* PopupView.m in Sources */,
				FF2E25DF1E5705A50050399D /* AppDelegate.m in Sources */,
				FF2E25DC1E5705A50050399D /* main.m in Sources */,
			);
			runOnlyForDeploymentPostprocessing = 0;
		};
/* End PBXSourcesBuildPhase section */

/* Begin PBXVariantGroup section */
		FF2E25E31E5705A50050399D /* Main.storyboard */ = {
			isa = PBXVariantGroup;
			children = (
				FF2E25E41E5705A50050399D /* Base */,
			);
			name = Main.storyboard;
			sourceTree = "<group>";
		};
/* End PBXVariantGroup section */

/* Begin XCBuildConfiguration section */
		FF2E25EC1E5705A50050399D /* Debug */ = {
			isa = XCBuildConfiguration;
			buildSettings = {
				ALWAYS_SEARCH_USER_PATHS = NO;
				CLANG_ANALYZER_NONNULL = YES;
				CLANG_CXX_LANGUAGE_STANDARD = "gnu++0x";
				CLANG_CXX_LIBRARY = "libc++";
				CLANG_ENABLE_MODULES = YES;
				CLANG_ENABLE_OBJC_ARC = YES;
				CLANG_WARN_BOOL_CONVERSION = YES;
				CLANG_WARN_CONSTANT_CONVERSION = YES;
				CLANG_WARN_DIRECT_OBJC_ISA_USAGE = YES_ERROR;
				CLANG_WARN_DOCUMENTATION_COMMENTS = YES;
				CLANG_WARN_EMPTY_BODY = YES;
				CLANG_WARN_ENUM_CONVERSION = YES;
				CLANG_WARN_INFINITE_RECURSION = YES;
				CLANG_WARN_INT_CONVERSION = YES;
				CLANG_WARN_OBJC_ROOT_CLASS = YES_ERROR;
				CLANG_WARN_SUSPICIOUS_MOVE = YES;
				CLANG_WARN_UNREACHABLE_CODE = YES;
				CLANG_WARN__DUPLICATE_METHOD_MATCH = YES;
				"CODE_SIGN_IDENTITY[sdk=iphoneos*]" = "iPhone Developer";
				COPY_PHASE_STRIP = NO;
				DEBUG_INFORMATION_FORMAT = dwarf;
				ENABLE_STRICT_OBJC_MSGSEND = YES;
				ENABLE_TESTABILITY = YES;
				GCC_C_LANGUAGE_STANDARD = gnu99;
				GCC_DYNAMIC_NO_PIC = NO;
				GCC_NO_COMMON_BLOCKS = YES;
				GCC_OPTIMIZATION_LEVEL = 0;
				GCC_PREPROCESSOR_DEFINITIONS = (
					"DEBUG=1",
					"$(inherited)",
				);
				GCC_WARN_64_TO_32_BIT_CONVERSION = YES;
				GCC_WARN_ABOUT_RETURN_TYPE = YES_ERROR;
				GCC_WARN_UNDECLARED_SELECTOR = YES;
				GCC_WARN_UNINITIALIZED_AUTOS = YES_AGGRESSIVE;
				GCC_WARN_UNUSED_FUNCTION = YES;
				GCC_WARN_UNUSED_VARIABLE = YES;
				IPHONEOS_DEPLOYMENT_TARGET = 8.2;
				MTL_ENABLE_DEBUG_INFO = YES;
				ONLY_ACTIVE_ARCH = YES;
				SDKROOT = iphoneos;
			};
			name = Debug;
		};
		FF2E25ED1E5705A50050399D /* Release */ = {
			isa = XCBuildConfiguration;
			buildSettings = {
				ALWAYS_SEARCH_USER_PATHS = NO;
				CLANG_ANALYZER_NONNULL = YES;
				CLANG_CXX_LANGUAGE_STANDARD = "gnu++0x";
				CLANG_CXX_LIBRARY = "libc++";
				CLANG_ENABLE_MODULES = YES;
				CLANG_ENABLE_OBJC_ARC = YES;
				CLANG_WARN_BOOL_CONVERSION = YES;
				CLANG_WARN_CONSTANT_CONVERSION = YES;
				CLANG_WARN_DIRECT_OBJC_ISA_USAGE = YES_ERROR;
				CLANG_WARN_DOCUMENTATION_COMMENTS = YES;
				CLANG_WARN_EMPTY_BODY = YES;
				CLANG_WARN_ENUM_CONVERSION = YES;
				CLANG_WARN_INFINITE_RECURSION = YES;
				CLANG_WARN_INT_CONVERSION = YES;
				CLANG_WARN_OBJC_ROOT_CLASS = YES_ERROR;
				CLANG_WARN_SUSPICIOUS_MOVE = YES;
				CLANG_WARN_UNREACHABLE_CODE = YES;
				CLANG_WARN__DUPLICATE_METHOD_MATCH = YES;
				"CODE_SIGN_IDENTITY[sdk=iphoneos*]" = "iPhone Developer";
				COPY_PHASE_STRIP = NO;
				DEBUG_INFORMATION_FORMAT = "dwarf-with-dsym";
				ENABLE_NS_ASSERTIONS = NO;
				ENABLE_STRICT_OBJC_MSGSEND = YES;
				GCC_C_LANGUAGE_STANDARD = gnu99;
				GCC_NO_COMMON_BLOCKS = YES;
				GCC_WARN_64_TO_32_BIT_CONVERSION = YES;
				GCC_WARN_ABOUT_RETURN_TYPE = YES_ERROR;
				GCC_WARN_UNDECLARED_SELECTOR = YES;
				GCC_WARN_UNINITIALIZED_AUTOS = YES_AGGRESSIVE;
				GCC_WARN_UNUSED_FUNCTION = YES;
				GCC_WARN_UNUSED_VARIABLE = YES;
				IPHONEOS_DEPLOYMENT_TARGET = 8.2;
				MTL_ENABLE_DEBUG_INFO = NO;
				SDKROOT = iphoneos;
				VALIDATE_PRODUCT = YES;
			};
			name = Release;
		};
		FF2E25EF1E5705A50050399D /* Debug */ = {
			isa = XCBuildConfiguration;
			buildSettings = {
				ASSETCATALOG_COMPILER_APPICON_NAME = AppIcon;
				ASSETCATALOG_COMPILER_LAUNCHIMAGE_NAME = LaunchImage;
				CODE_SIGN_ENTITLEMENTS = HybridApp/HybridApp.entitlements;
				CODE_SIGN_IDENTITY = "iPhone Developer: Ilseo Park (5A88U797YJ)";
				DEVELOPMENT_TEAM = YZXM7V6SDM;
				ENABLE_BITCODE = NO;
				FRAMEWORK_SEARCH_PATHS = (
					"$(inherited)",
					"$(PROJECT_DIR)/HybridApp/Lib/kakao",
				);
				INFOPLIST_FILE = HybridApp/Info.plist;
				IPHONEOS_DEPLOYMENT_TARGET = 8.2;
				LD_RUNPATH_SEARCH_PATHS = "$(inherited) @executable_path/Frameworks";
				OTHER_LDFLAGS = "-all_load";
				PRODUCT_BUNDLE_IDENTIFIER = com.clskmedia.hybridappdev;
				PRODUCT_NAME = "$(TARGET_NAME)";
				PROVISIONING_PROFILE = "eaba6767-baa8-47dd-b66e-d3b03a1dffda";
				PROVISIONING_PROFILE_SPECIFIER = HybridAppDev;
			};
			name = Debug;
		};
		FF2E25F01E5705A50050399D /* Release */ = {
			isa = XCBuildConfiguration;
			buildSettings = {
				ASSETCATALOG_COMPILER_APPICON_NAME = AppIcon;
				ASSETCATALOG_COMPILER_LAUNCHIMAGE_NAME = LaunchImage;
				CODE_SIGN_ENTITLEMENTS = HybridApp/HybridApp.entitlements;
				CODE_SIGN_IDENTITY = "iPhone Developer: Ilseo Park (5A88U797YJ)";
				DEVELOPMENT_TEAM = YZXM7V6SDM;
				ENABLE_BITCODE = NO;
				FRAMEWORK_SEARCH_PATHS = (
					"$(inherited)",
					"$(PROJECT_DIR)/HybridApp/Lib/kakao",
				);
				INFOPLIST_FILE = HybridApp/Info.plist;
				IPHONEOS_DEPLOYMENT_TARGET = 8.2;
				LD_RUNPATH_SEARCH_PATHS = "$(inherited) @executable_path/Frameworks";
				OTHER_LDFLAGS = "-all_load";
				PRODUCT_BUNDLE_IDENTIFIER = com.clskmedia.hybridappdev;
				PRODUCT_NAME = "$(TARGET_NAME)";
				PROVISIONING_PROFILE = "eaba6767-baa8-47dd-b66e-d3b03a1dffda";
				PROVISIONING_PROFILE_SPECIFIER = HybridAppDev;
			};
			name = Release;
		};
/* End XCBuildConfiguration section */

/* Begin XCConfigurationList section */
		FF2E25D21E5705A50050399D /* Build configuration list for PBXProject "HybridApp" */ = {
			isa = XCConfigurationList;
			buildConfigurations = (
				FF2E25EC1E5705A50050399D /* Debug */,
				FF2E25ED1E5705A50050399D /* Release */,
			);
			defaultConfigurationIsVisible = 0;
			defaultConfigurationName = Release;
		};
		FF2E25EE1E5705A50050399D /* Build configuration list for PBXNativeTarget "HybridApp" */ = {
			isa = XCConfigurationList;
			buildConfigurations = (
				FF2E25EF1E5705A50050399D /* Debug */,
				FF2E25F01E5705A50050399D /* Release */,
			);
			defaultConfigurationIsVisible = 0;
			defaultConfigurationName = Release;
		};
/* End XCConfigurationList section */
	};
	rootObject = FF2E25CF1E5705A50050399D /* Project object */;
}
